// !$*UTF8*$!
{
	archiveVersion = 1;
	classes = {
	};
	objectVersion = 56;
	objects = {

/* Begin PBXBuildFile section */
		FC51FC622A2DF82100C49964 /* TodayController.swift in Sources */ = {isa = PBXBuildFile; fileRef = FC51FC612A2DF82100C49964 /* TodayController.swift */; };
		FC51FC662A2DF95400C49964 /* TodayCell.swift in Sources */ = {isa = PBXBuildFile; fileRef = FC51FC652A2DF95400C49964 /* TodayCell.swift */; };
		FC536F302A1BD03200C7EE51 /* AppDelegate.swift in Sources */ = {isa = PBXBuildFile; fileRef = FC536F2F2A1BD03200C7EE51 /* AppDelegate.swift */; };
		FC536F322A1BD03200C7EE51 /* SceneDelegate.swift in Sources */ = {isa = PBXBuildFile; fileRef = FC536F312A1BD03200C7EE51 /* SceneDelegate.swift */; };
		FC536F372A1BD03200C7EE51 /* Main.storyboard in Resources */ = {isa = PBXBuildFile; fileRef = FC536F352A1BD03200C7EE51 /* Main.storyboard */; };
		FC536F392A1BD03300C7EE51 /* Assets.xcassets in Resources */ = {isa = PBXBuildFile; fileRef = FC536F382A1BD03300C7EE51 /* Assets.xcassets */; };
		FC536F3C2A1BD03300C7EE51 /* LaunchScreen.storyboard in Resources */ = {isa = PBXBuildFile; fileRef = FC536F3A2A1BD03300C7EE51 /* LaunchScreen.storyboard */; };
		FC536F442A1BD09A00C7EE51 /* BaseTabBarController.swift in Sources */ = {isa = PBXBuildFile; fileRef = FC536F432A1BD09A00C7EE51 /* BaseTabBarController.swift */; };
		FC536F472A1BDF6B00C7EE51 /* AppsSearchController.swift in Sources */ = {isa = PBXBuildFile; fileRef = FC536F462A1BDF6B00C7EE51 /* AppsSearchController.swift */; };
		FC536F4A2A1BE6CA00C7EE51 /* SearchResultsCell.swift in Sources */ = {isa = PBXBuildFile; fileRef = FC536F492A1BE6CA00C7EE51 /* SearchResultsCell.swift */; };
		FCBB765B2A1CDFEF00854A41 /* 05_UIView+Layout.swift in Sources */ = {isa = PBXBuildFile; fileRef = FCBB765A2A1CDFEF00854A41 /* 05_UIView+Layout.swift */; };
		FCBB765D2A1CE82600854A41 /* VerticalStackView.swift in Sources */ = {isa = PBXBuildFile; fileRef = FCBB765C2A1CE82600854A41 /* VerticalStackView.swift */; };
		FCBB76602A1D064000854A41 /* SearchResult.swift in Sources */ = {isa = PBXBuildFile; fileRef = FCBB765F2A1D064000854A41 /* SearchResult.swift */; };
		FCBB76632A1D127000854A41 /* NetworkService.swift in Sources */ = {isa = PBXBuildFile; fileRef = FCBB76622A1D127000854A41 /* NetworkService.swift */; };
		FCBB76672A1D208B00854A41 /* SDWebImage in Frameworks */ = {isa = PBXBuildFile; productRef = FCBB76662A1D208B00854A41 /* SDWebImage */; };
		FCBB76712A1DE00700854A41 /* AppsController.swift in Sources */ = {isa = PBXBuildFile; fileRef = FCBB76702A1DE00700854A41 /* AppsController.swift */; };
		FCBB76732A1DE0D900854A41 /* BaseListController.swift in Sources */ = {isa = PBXBuildFile; fileRef = FCBB76722A1DE0D900854A41 /* BaseListController.swift */; };
		FCBB76782A1DE52E00854A41 /* AppsGroupCell.swift in Sources */ = {isa = PBXBuildFile; fileRef = FCBB76772A1DE52E00854A41 /* AppsGroupCell.swift */; };
		FCBB767A2A1DEA0A00854A41 /* AppsHorizontalController.swift in Sources */ = {isa = PBXBuildFile; fileRef = FCBB76792A1DEA0A00854A41 /* AppsHorizontalController.swift */; };
		FCBB767D2A1E0D6400854A41 /* AppRowCell.swift in Sources */ = {isa = PBXBuildFile; fileRef = FCBB767C2A1E0D6400854A41 /* AppRowCell.swift */; };
		FCBB767F2A1E0E5E00854A41 /* Extensions.swift in Sources */ = {isa = PBXBuildFile; fileRef = FCBB767E2A1E0E5E00854A41 /* Extensions.swift */; };
		FCBB76812A1E23B100854A41 /* AppsHeader.swift in Sources */ = {isa = PBXBuildFile; fileRef = FCBB76802A1E23B100854A41 /* AppsHeader.swift */; };
		FCBB76832A1E265E00854A41 /* AppsHeaderHorizontalController.swift in Sources */ = {isa = PBXBuildFile; fileRef = FCBB76822A1E265E00854A41 /* AppsHeaderHorizontalController.swift */; };
		FCBB76852A1E299A00854A41 /* AppsHeaderCell.swift in Sources */ = {isa = PBXBuildFile; fileRef = FCBB76842A1E299A00854A41 /* AppsHeaderCell.swift */; };
		FCBB76872A1E47A200854A41 /* AppGroup.swift in Sources */ = {isa = PBXBuildFile; fileRef = FCBB76862A1E47A200854A41 /* AppGroup.swift */; };
		FCBB76892A1F2DB500854A41 /* HeaderApp.swift in Sources */ = {isa = PBXBuildFile; fileRef = FCBB76882A1F2DB500854A41 /* HeaderApp.swift */; };
		FCD23ACB2A405D7900BC993B /* AppFullScreenController.swift in Sources */ = {isa = PBXBuildFile; fileRef = FCD23ACA2A405D7900BC993B /* AppFullScreenController.swift */; };
		FCD23ACD2A40A4AE00BC993B /* AppFullScreenDesriptionCell.swift in Sources */ = {isa = PBXBuildFile; fileRef = FCD23ACC2A40A4AE00BC993B /* AppFullScreenDesriptionCell.swift */; };
		FCFAACEC2A1F873E00AD1C00 /* HorizontalSnappingController.swift in Sources */ = {isa = PBXBuildFile; fileRef = FCFAACEB2A1F873E00AD1C00 /* HorizontalSnappingController.swift */; };
		FCFAACEE2A1F90E800AD1C00 /* BetterSnappingLayout.swift in Sources */ = {isa = PBXBuildFile; fileRef = FCFAACED2A1F90E800AD1C00 /* BetterSnappingLayout.swift */; };
		FCFAACF12A20C1AB00AD1C00 /* AppDetailController.swift in Sources */ = {isa = PBXBuildFile; fileRef = FCFAACF02A20C1AB00AD1C00 /* AppDetailController.swift */; };
		FCFAACF42A20C7D200AD1C00 /* AppDetailCell.swift in Sources */ = {isa = PBXBuildFile; fileRef = FCFAACF32A20C7D200AD1C00 /* AppDetailCell.swift */; };
		FCFAACF62A21E0A200AD1C00 /* PreviewCell.swift in Sources */ = {isa = PBXBuildFile; fileRef = FCFAACF52A21E0A200AD1C00 /* PreviewCell.swift */; };
		FCFAACF82A21E3A400AD1C00 /* PreviewScreenController.swift in Sources */ = {isa = PBXBuildFile; fileRef = FCFAACF72A21E3A400AD1C00 /* PreviewScreenController.swift */; };
		FCFAACFA2A22754500AD1C00 /* ReviewRowCell.swift in Sources */ = {isa = PBXBuildFile; fileRef = FCFAACF92A22754500AD1C00 /* ReviewRowCell.swift */; };
		FCFAACFC2A227B6900AD1C00 /* ReviewsController.swift in Sources */ = {isa = PBXBuildFile; fileRef = FCFAACFB2A227B6900AD1C00 /* ReviewsController.swift */; };
		FCFAACFE2A2284E700AD1C00 /* ReviewCell.swift in Sources */ = {isa = PBXBuildFile; fileRef = FCFAACFD2A2284E700AD1C00 /* ReviewCell.swift */; };
		FCFAAD002A2316F200AD1C00 /* Reviews.swift in Sources */ = {isa = PBXBuildFile; fileRef = FCFAACFF2A2316F200AD1C00 /* Reviews.swift */; };
/* End PBXBuildFile section */

/* Begin PBXFileReference section */
		FC51FC612A2DF82100C49964 /* TodayController.swift */ = {isa = PBXFileReference; lastKnownFileType = sourcecode.swift; path = TodayController.swift; sourceTree = "<group>"; };
		FC51FC652A2DF95400C49964 /* TodayCell.swift */ = {isa = PBXFileReference; lastKnownFileType = sourcecode.swift; path = TodayCell.swift; sourceTree = "<group>"; };
		FC536F2C2A1BD03200C7EE51 /* AppStoreApp.app */ = {isa = PBXFileReference; explicitFileType = wrapper.application; includeInIndex = 0; path = AppStoreApp.app; sourceTree = BUILT_PRODUCTS_DIR; };
		FC536F2F2A1BD03200C7EE51 /* AppDelegate.swift */ = {isa = PBXFileReference; lastKnownFileType = sourcecode.swift; path = AppDelegate.swift; sourceTree = "<group>"; };
		FC536F312A1BD03200C7EE51 /* SceneDelegate.swift */ = {isa = PBXFileReference; lastKnownFileType = sourcecode.swift; path = SceneDelegate.swift; sourceTree = "<group>"; };
		FC536F362A1BD03200C7EE51 /* Base */ = {isa = PBXFileReference; lastKnownFileType = file.storyboard; name = Base; path = Base.lproj/Main.storyboard; sourceTree = "<group>"; };
		FC536F382A1BD03300C7EE51 /* Assets.xcassets */ = {isa = PBXFileReference; lastKnownFileType = folder.assetcatalog; path = Assets.xcassets; sourceTree = "<group>"; };
		FC536F3B2A1BD03300C7EE51 /* Base */ = {isa = PBXFileReference; lastKnownFileType = file.storyboard; name = Base; path = Base.lproj/LaunchScreen.storyboard; sourceTree = "<group>"; };
		FC536F3D2A1BD03300C7EE51 /* Info.plist */ = {isa = PBXFileReference; lastKnownFileType = text.plist.xml; path = Info.plist; sourceTree = "<group>"; };
		FC536F432A1BD09A00C7EE51 /* BaseTabBarController.swift */ = {isa = PBXFileReference; lastKnownFileType = sourcecode.swift; path = BaseTabBarController.swift; sourceTree = "<group>"; };
		FC536F462A1BDF6B00C7EE51 /* AppsSearchController.swift */ = {isa = PBXFileReference; lastKnownFileType = sourcecode.swift; path = AppsSearchController.swift; sourceTree = "<group>"; };
		FC536F492A1BE6CA00C7EE51 /* SearchResultsCell.swift */ = {isa = PBXFileReference; lastKnownFileType = sourcecode.swift; path = SearchResultsCell.swift; sourceTree = "<group>"; };
		FCBB765A2A1CDFEF00854A41 /* 05_UIView+Layout.swift */ = {isa = PBXFileReference; fileEncoding = 4; lastKnownFileType = sourcecode.swift; path = "05_UIView+Layout.swift"; sourceTree = "<group>"; };
		FCBB765C2A1CE82600854A41 /* VerticalStackView.swift */ = {isa = PBXFileReference; lastKnownFileType = sourcecode.swift; path = VerticalStackView.swift; sourceTree = "<group>"; };
		FCBB765F2A1D064000854A41 /* SearchResult.swift */ = {isa = PBXFileReference; lastKnownFileType = sourcecode.swift; path = SearchResult.swift; sourceTree = "<group>"; };
		FCBB76622A1D127000854A41 /* NetworkService.swift */ = {isa = PBXFileReference; lastKnownFileType = sourcecode.swift; path = NetworkService.swift; sourceTree = "<group>"; };
		FCBB76702A1DE00700854A41 /* AppsController.swift */ = {isa = PBXFileReference; lastKnownFileType = sourcecode.swift; path = AppsController.swift; sourceTree = "<group>"; };
		FCBB76722A1DE0D900854A41 /* BaseListController.swift */ = {isa = PBXFileReference; lastKnownFileType = sourcecode.swift; path = BaseListController.swift; sourceTree = "<group>"; };
		FCBB76772A1DE52E00854A41 /* AppsGroupCell.swift */ = {isa = PBXFileReference; lastKnownFileType = sourcecode.swift; path = AppsGroupCell.swift; sourceTree = "<group>"; };
		FCBB76792A1DEA0A00854A41 /* AppsHorizontalController.swift */ = {isa = PBXFileReference; lastKnownFileType = sourcecode.swift; path = AppsHorizontalController.swift; sourceTree = "<group>"; };
		FCBB767C2A1E0D6400854A41 /* AppRowCell.swift */ = {isa = PBXFileReference; lastKnownFileType = sourcecode.swift; path = AppRowCell.swift; sourceTree = "<group>"; };
		FCBB767E2A1E0E5E00854A41 /* Extensions.swift */ = {isa = PBXFileReference; lastKnownFileType = sourcecode.swift; path = Extensions.swift; sourceTree = "<group>"; };
		FCBB76802A1E23B100854A41 /* AppsHeader.swift */ = {isa = PBXFileReference; lastKnownFileType = sourcecode.swift; path = AppsHeader.swift; sourceTree = "<group>"; };
		FCBB76822A1E265E00854A41 /* AppsHeaderHorizontalController.swift */ = {isa = PBXFileReference; lastKnownFileType = sourcecode.swift; path = AppsHeaderHorizontalController.swift; sourceTree = "<group>"; };
		FCBB76842A1E299A00854A41 /* AppsHeaderCell.swift */ = {isa = PBXFileReference; lastKnownFileType = sourcecode.swift; path = AppsHeaderCell.swift; sourceTree = "<group>"; };
		FCBB76862A1E47A200854A41 /* AppGroup.swift */ = {isa = PBXFileReference; lastKnownFileType = sourcecode.swift; path = AppGroup.swift; sourceTree = "<group>"; };
		FCBB76882A1F2DB500854A41 /* HeaderApp.swift */ = {isa = PBXFileReference; lastKnownFileType = sourcecode.swift; path = HeaderApp.swift; sourceTree = "<group>"; };
		FCD23ACA2A405D7900BC993B /* AppFullScreenController.swift */ = {isa = PBXFileReference; lastKnownFileType = sourcecode.swift; path = AppFullScreenController.swift; sourceTree = "<group>"; };
		FCD23ACC2A40A4AE00BC993B /* AppFullScreenDesriptionCell.swift */ = {isa = PBXFileReference; lastKnownFileType = sourcecode.swift; path = AppFullScreenDesriptionCell.swift; sourceTree = "<group>"; };
		FCFAACEB2A1F873E00AD1C00 /* HorizontalSnappingController.swift */ = {isa = PBXFileReference; lastKnownFileType = sourcecode.swift; path = HorizontalSnappingController.swift; sourceTree = "<group>"; };
		FCFAACED2A1F90E800AD1C00 /* BetterSnappingLayout.swift */ = {isa = PBXFileReference; lastKnownFileType = sourcecode.swift; path = BetterSnappingLayout.swift; sourceTree = "<group>"; };
		FCFAACF02A20C1AB00AD1C00 /* AppDetailController.swift */ = {isa = PBXFileReference; lastKnownFileType = sourcecode.swift; path = AppDetailController.swift; sourceTree = "<group>"; };
		FCFAACF32A20C7D200AD1C00 /* AppDetailCell.swift */ = {isa = PBXFileReference; lastKnownFileType = sourcecode.swift; path = AppDetailCell.swift; sourceTree = "<group>"; };
		FCFAACF52A21E0A200AD1C00 /* PreviewCell.swift */ = {isa = PBXFileReference; lastKnownFileType = sourcecode.swift; path = PreviewCell.swift; sourceTree = "<group>"; };
		FCFAACF72A21E3A400AD1C00 /* PreviewScreenController.swift */ = {isa = PBXFileReference; lastKnownFileType = sourcecode.swift; path = PreviewScreenController.swift; sourceTree = "<group>"; };
		FCFAACF92A22754500AD1C00 /* ReviewRowCell.swift */ = {isa = PBXFileReference; lastKnownFileType = sourcecode.swift; path = ReviewRowCell.swift; sourceTree = "<group>"; };
		FCFAACFB2A227B6900AD1C00 /* ReviewsController.swift */ = {isa = PBXFileReference; lastKnownFileType = sourcecode.swift; path = ReviewsController.swift; sourceTree = "<group>"; };
		FCFAACFD2A2284E700AD1C00 /* ReviewCell.swift */ = {isa = PBXFileReference; lastKnownFileType = sourcecode.swift; path = ReviewCell.swift; sourceTree = "<group>"; };
		FCFAACFF2A2316F200AD1C00 /* Reviews.swift */ = {isa = PBXFileReference; lastKnownFileType = sourcecode.swift; path = Reviews.swift; sourceTree = "<group>"; };
/* End PBXFileReference section */

/* Begin PBXFrameworksBuildPhase section */
		FC536F292A1BD03200C7EE51 /* Frameworks */ = {
			isa = PBXFrameworksBuildPhase;
			buildActionMask = 2147483647;
			files = (
				FCBB76672A1D208B00854A41 /* SDWebImage in Frameworks */,
			);
			runOnlyForDeploymentPostprocessing = 0;
		};
/* End PBXFrameworksBuildPhase section */

/* Begin PBXGroup section */
		FC51FC602A2DF7ED00C49964 /* Today */ = {
			isa = PBXGroup;
			children = (
				FC51FC612A2DF82100C49964 /* TodayController.swift */,
				FCD23ACA2A405D7900BC993B /* AppFullScreenController.swift */,
			);
			path = Today;
			sourceTree = "<group>";
		};
		FC51FC632A2DF92400C49964 /* Today */ = {
			isa = PBXGroup;
			children = (
				FC51FC652A2DF95400C49964 /* TodayCell.swift */,
				FCD23ACC2A40A4AE00BC993B /* AppFullScreenDesriptionCell.swift */,
			);
			path = Today;
			sourceTree = "<group>";
		};
		FC536F232A1BD03200C7EE51 = {
			isa = PBXGroup;
			children = (
				FC536F2E2A1BD03200C7EE51 /* AppStoreApp */,
				FC536F2D2A1BD03200C7EE51 /* Products */,
			);
			sourceTree = "<group>";
		};
		FC536F2D2A1BD03200C7EE51 /* Products */ = {
			isa = PBXGroup;
			children = (
				FC536F2C2A1BD03200C7EE51 /* AppStoreApp.app */,
			);
			name = Products;
			sourceTree = "<group>";
		};
		FC536F2E2A1BD03200C7EE51 /* AppStoreApp */ = {
			isa = PBXGroup;
			children = (
				FCBB76612A1D125900854A41 /* Network */,
				FCBB765E2A1D063200854A41 /* Model */,
				FC536F482A1BE66800C7EE51 /* Views */,
				FC536F452A1BDF3C00C7EE51 /* Controller */,
				FCBB76642A1D14A000854A41 /* App */,
				FCBB76592A1CDFB800854A41 /* Helpers */,
				FC536F352A1BD03200C7EE51 /* Main.storyboard */,
				FC536F382A1BD03300C7EE51 /* Assets.xcassets */,
				FC536F3A2A1BD03300C7EE51 /* LaunchScreen.storyboard */,
				FC536F3D2A1BD03300C7EE51 /* Info.plist */,
			);
			path = AppStoreApp;
			sourceTree = "<group>";
		};
		FC536F452A1BDF3C00C7EE51 /* Controller */ = {
			isa = PBXGroup;
			children = (
				FC51FC602A2DF7ED00C49964 /* Today */,
				FCBB76742A1DE2D600854A41 /* Search */,
				FCBB76752A1DE2E300854A41 /* Apps */,
				FC536F432A1BD09A00C7EE51 /* BaseTabBarController.swift */,
				FCBB76722A1DE0D900854A41 /* BaseListController.swift */,
				FCFAACEB2A1F873E00AD1C00 /* HorizontalSnappingController.swift */,
			);
			path = Controller;
			sourceTree = "<group>";
		};
		FC536F482A1BE66800C7EE51 /* Views */ = {
			isa = PBXGroup;
			children = (
				FC51FC632A2DF92400C49964 /* Today */,
				FCBB76762A1DE4FD00854A41 /* Apps */,
				FCBB767B2A1E0C1200854A41 /* Search */,
			);
			path = Views;
			sourceTree = "<group>";
		};
		FCBB76592A1CDFB800854A41 /* Helpers */ = {
			isa = PBXGroup;
			children = (
				FCBB765A2A1CDFEF00854A41 /* 05_UIView+Layout.swift */,
				FCFAACED2A1F90E800AD1C00 /* BetterSnappingLayout.swift */,
				FCBB765C2A1CE82600854A41 /* VerticalStackView.swift */,
				FCBB767E2A1E0E5E00854A41 /* Extensions.swift */,
			);
			path = Helpers;
			sourceTree = "<group>";
		};
		FCBB765E2A1D063200854A41 /* Model */ = {
			isa = PBXGroup;
			children = (
				FCBB765F2A1D064000854A41 /* SearchResult.swift */,
				FCBB76862A1E47A200854A41 /* AppGroup.swift */,
				FCBB76882A1F2DB500854A41 /* HeaderApp.swift */,
				FCFAACFF2A2316F200AD1C00 /* Reviews.swift */,
			);
			path = Model;
			sourceTree = "<group>";
		};
		FCBB76612A1D125900854A41 /* Network */ = {
			isa = PBXGroup;
			children = (
				FCBB76622A1D127000854A41 /* NetworkService.swift */,
			);
			path = Network;
			sourceTree = "<group>";
		};
		FCBB76642A1D14A000854A41 /* App */ = {
			isa = PBXGroup;
			children = (
				FC536F2F2A1BD03200C7EE51 /* AppDelegate.swift */,
				FC536F312A1BD03200C7EE51 /* SceneDelegate.swift */,
			);
			path = App;
			sourceTree = "<group>";
		};
		FCBB76742A1DE2D600854A41 /* Search */ = {
			isa = PBXGroup;
			children = (
				FC536F462A1BDF6B00C7EE51 /* AppsSearchController.swift */,
			);
			path = Search;
			sourceTree = "<group>";
		};
		FCBB76752A1DE2E300854A41 /* Apps */ = {
			isa = PBXGroup;
			children = (
				FCFAACEF2A20C16E00AD1C00 /* Detail */,
				FCBB76702A1DE00700854A41 /* AppsController.swift */,
				FCBB76792A1DEA0A00854A41 /* AppsHorizontalController.swift */,
				FCBB76822A1E265E00854A41 /* AppsHeaderHorizontalController.swift */,
			);
			path = Apps;
			sourceTree = "<group>";
		};
		FCBB76762A1DE4FD00854A41 /* Apps */ = {
			isa = PBXGroup;
			children = (
				FCFAACF22A20C7B700AD1C00 /* Detail */,
				FCBB76772A1DE52E00854A41 /* AppsGroupCell.swift */,
				FCBB767C2A1E0D6400854A41 /* AppRowCell.swift */,
				FCBB76802A1E23B100854A41 /* AppsHeader.swift */,
				FCBB76842A1E299A00854A41 /* AppsHeaderCell.swift */,
			);
			path = Apps;
			sourceTree = "<group>";
		};
		FCBB767B2A1E0C1200854A41 /* Search */ = {
			isa = PBXGroup;
			children = (
				FC536F492A1BE6CA00C7EE51 /* SearchResultsCell.swift */,
			);
			path = Search;
			sourceTree = "<group>";
		};
		FCFAACEF2A20C16E00AD1C00 /* Detail */ = {
			isa = PBXGroup;
			children = (
				FCFAACF02A20C1AB00AD1C00 /* AppDetailController.swift */,
				FCFAACF72A21E3A400AD1C00 /* PreviewScreenController.swift */,
				FCFAACFB2A227B6900AD1C00 /* ReviewsController.swift */,
			);
			path = Detail;
			sourceTree = "<group>";
		};
		FCFAACF22A20C7B700AD1C00 /* Detail */ = {
			isa = PBXGroup;
			children = (
				FCFAACF32A20C7D200AD1C00 /* AppDetailCell.swift */,
				FCFAACF52A21E0A200AD1C00 /* PreviewCell.swift */,
				FCFAACF92A22754500AD1C00 /* ReviewRowCell.swift */,
				FCFAACFD2A2284E700AD1C00 /* ReviewCell.swift */,
			);
			path = Detail;
			sourceTree = "<group>";
		};
/* End PBXGroup section */

/* Begin PBXNativeTarget section */
		FC536F2B2A1BD03200C7EE51 /* AppStoreApp */ = {
			isa = PBXNativeTarget;
			buildConfigurationList = FC536F402A1BD03300C7EE51 /* Build configuration list for PBXNativeTarget "AppStoreApp" */;
			buildPhases = (
				FC536F282A1BD03200C7EE51 /* Sources */,
				FC536F292A1BD03200C7EE51 /* Frameworks */,
				FC536F2A2A1BD03200C7EE51 /* Resources */,
			);
			buildRules = (
			);
			dependencies = (
			);
			name = AppStoreApp;
			packageProductDependencies = (
				FCBB76662A1D208B00854A41 /* SDWebImage */,
			);
			productName = AppStoreApp;
			productReference = FC536F2C2A1BD03200C7EE51 /* AppStoreApp.app */;
			productType = "com.apple.product-type.application";
		};
/* End PBXNativeTarget section */

/* Begin PBXProject section */
		FC536F242A1BD03200C7EE51 /* Project object */ = {
			isa = PBXProject;
			attributes = {
				BuildIndependentTargetsInParallel = 1;
				LastSwiftUpdateCheck = 1420;
				LastUpgradeCheck = 1420;
				TargetAttributes = {
					FC536F2B2A1BD03200C7EE51 = {
						CreatedOnToolsVersion = 14.2;
					};
				};
			};
			buildConfigurationList = FC536F272A1BD03200C7EE51 /* Build configuration list for PBXProject "AppStoreApp" */;
			compatibilityVersion = "Xcode 14.0";
			developmentRegion = en;
			hasScannedForEncodings = 0;
			knownRegions = (
				en,
				Base,
			);
			mainGroup = FC536F232A1BD03200C7EE51;
			packageReferences = (
				FCBB76652A1D208B00854A41 /* XCRemoteSwiftPackageReference "SDWebImage" */,
			);
			productRefGroup = FC536F2D2A1BD03200C7EE51 /* Products */;
			projectDirPath = "";
			projectRoot = "";
			targets = (
				FC536F2B2A1BD03200C7EE51 /* AppStoreApp */,
			);
		};
/* End PBXProject section */

/* Begin PBXResourcesBuildPhase section */
		FC536F2A2A1BD03200C7EE51 /* Resources */ = {
			isa = PBXResourcesBuildPhase;
			buildActionMask = 2147483647;
			files = (
				FC536F3C2A1BD03300C7EE51 /* LaunchScreen.storyboard in Resources */,
				FC536F392A1BD03300C7EE51 /* Assets.xcassets in Resources */,
				FC536F372A1BD03200C7EE51 /* Main.storyboard in Resources */,
			);
			runOnlyForDeploymentPostprocessing = 0;
		};
/* End PBXResourcesBuildPhase section */

/* Begin PBXSourcesBuildPhase section */
		FC536F282A1BD03200C7EE51 /* Sources */ = {
			isa = PBXSourcesBuildPhase;
			buildActionMask = 2147483647;
			files = (
				FCBB76632A1D127000854A41 /* NetworkService.swift in Sources */,
				FCFAACEE2A1F90E800AD1C00 /* BetterSnappingLayout.swift in Sources */,
				FCBB765B2A1CDFEF00854A41 /* 05_UIView+Layout.swift in Sources */,
				FCFAACFE2A2284E700AD1C00 /* ReviewCell.swift in Sources */,
				FCBB76602A1D064000854A41 /* SearchResult.swift in Sources */,
				FCBB76872A1E47A200854A41 /* AppGroup.swift in Sources */,
				FCBB76892A1F2DB500854A41 /* HeaderApp.swift in Sources */,
				FCBB76712A1DE00700854A41 /* AppsController.swift in Sources */,
				FCBB76852A1E299A00854A41 /* AppsHeaderCell.swift in Sources */,
				FC536F4A2A1BE6CA00C7EE51 /* SearchResultsCell.swift in Sources */,
				FCFAACFA2A22754500AD1C00 /* ReviewRowCell.swift in Sources */,
				FC51FC662A2DF95400C49964 /* TodayCell.swift in Sources */,
				FCBB76732A1DE0D900854A41 /* BaseListController.swift in Sources */,
				FCFAACF42A20C7D200AD1C00 /* AppDetailCell.swift in Sources */,
				FCBB767D2A1E0D6400854A41 /* AppRowCell.swift in Sources */,
				FC536F442A1BD09A00C7EE51 /* BaseTabBarController.swift in Sources */,
				FCD23ACD2A40A4AE00BC993B /* AppFullScreenDesriptionCell.swift in Sources */,
				FCBB76812A1E23B100854A41 /* AppsHeader.swift in Sources */,
				FCBB76782A1DE52E00854A41 /* AppsGroupCell.swift in Sources */,
				FC536F302A1BD03200C7EE51 /* AppDelegate.swift in Sources */,
				FCFAACF62A21E0A200AD1C00 /* PreviewCell.swift in Sources */,
				FCBB767F2A1E0E5E00854A41 /* Extensions.swift in Sources */,
				FCFAACFC2A227B6900AD1C00 /* ReviewsController.swift in Sources */,
				FCFAAD002A2316F200AD1C00 /* Reviews.swift in Sources */,
				FC51FC622A2DF82100C49964 /* TodayController.swift in Sources */,
				FCBB765D2A1CE82600854A41 /* VerticalStackView.swift in Sources */,
				FC536F472A1BDF6B00C7EE51 /* AppsSearchController.swift in Sources */,
				FCFAACF82A21E3A400AD1C00 /* PreviewScreenController.swift in Sources */,
				FCFAACF12A20C1AB00AD1C00 /* AppDetailController.swift in Sources */,
				FCD23ACB2A405D7900BC993B /* AppFullScreenController.swift in Sources */,
				FCFAACEC2A1F873E00AD1C00 /* HorizontalSnappingController.swift in Sources */,
				FCBB767A2A1DEA0A00854A41 /* AppsHorizontalController.swift in Sources */,
				FC536F322A1BD03200C7EE51 /* SceneDelegate.swift in Sources */,
				FCBB76832A1E265E00854A41 /* AppsHeaderHorizontalController.swift in Sources */,
			);
			runOnlyForDeploymentPostprocessing = 0;
		};
/* End PBXSourcesBuildPhase section */

/* Begin PBXVariantGroup section */
		FC536F352A1BD03200C7EE51 /* Main.storyboard */ = {
			isa = PBXVariantGroup;
			children = (
				FC536F362A1BD03200C7EE51 /* Base */,
			);
			name = Main.storyboard;
			sourceTree = "<group>";
		};
		FC536F3A2A1BD03300C7EE51 /* LaunchScreen.storyboard */ = {
			isa = PBXVariantGroup;
			children = (
				FC536F3B2A1BD03300C7EE51 /* Base */,
			);
			name = LaunchScreen.storyboard;
			sourceTree = "<group>";
		};
/* End PBXVariantGroup section */

/* Begin XCBuildConfiguration section */
		FC536F3E2A1BD03300C7EE51 /* Debug */ = {
			isa = XCBuildConfiguration;
			buildSettings = {
				ALWAYS_SEARCH_USER_PATHS = NO;
				CLANG_ANALYZER_NONNULL = YES;
				CLANG_ANALYZER_NUMBER_OBJECT_CONVERSION = YES_AGGRESSIVE;
				CLANG_CXX_LANGUAGE_STANDARD = "gnu++20";
				CLANG_ENABLE_MODULES = YES;
				CLANG_ENABLE_OBJC_ARC = YES;
				CLANG_ENABLE_OBJC_WEAK = YES;
				CLANG_WARN_BLOCK_CAPTURE_AUTORELEASING = YES;
				CLANG_WARN_BOOL_CONVERSION = YES;
				CLANG_WARN_COMMA = YES;
				CLANG_WARN_CONSTANT_CONVERSION = YES;
				CLANG_WARN_DEPRECATED_OBJC_IMPLEMENTATIONS = YES;
				CLANG_WARN_DIRECT_OBJC_ISA_USAGE = YES_ERROR;
				CLANG_WARN_DOCUMENTATION_COMMENTS = YES;
				CLANG_WARN_EMPTY_BODY = YES;
				CLANG_WARN_ENUM_CONVERSION = YES;
				CLANG_WARN_INFINITE_RECURSION = YES;
				CLANG_WARN_INT_CONVERSION = YES;
				CLANG_WARN_NON_LITERAL_NULL_CONVERSION = YES;
				CLANG_WARN_OBJC_IMPLICIT_RETAIN_SELF = YES;
				CLANG_WARN_OBJC_LITERAL_CONVERSION = YES;
				CLANG_WARN_OBJC_ROOT_CLASS = YES_ERROR;
				CLANG_WARN_QUOTED_INCLUDE_IN_FRAMEWORK_HEADER = YES;
				CLANG_WARN_RANGE_LOOP_ANALYSIS = YES;
				CLANG_WARN_STRICT_PROTOTYPES = YES;
				CLANG_WARN_SUSPICIOUS_MOVE = YES;
				CLANG_WARN_UNGUARDED_AVAILABILITY = YES_AGGRESSIVE;
				CLANG_WARN_UNREACHABLE_CODE = YES;
				CLANG_WARN__DUPLICATE_METHOD_MATCH = YES;
				COPY_PHASE_STRIP = NO;
				DEBUG_INFORMATION_FORMAT = dwarf;
				ENABLE_STRICT_OBJC_MSGSEND = YES;
				ENABLE_TESTABILITY = YES;
				GCC_C_LANGUAGE_STANDARD = gnu11;
				GCC_DYNAMIC_NO_PIC = NO;
				GCC_NO_COMMON_BLOCKS = YES;
				GCC_OPTIMIZATION_LEVEL = 0;
				GCC_PREPROCESSOR_DEFINITIONS = (
					"DEBUG=1",
					"$(inherited)",
				);
				GCC_WARN_64_TO_32_BIT_CONVERSION = YES;
				GCC_WARN_ABOUT_RETURN_TYPE = YES_ERROR;
				GCC_WARN_UNDECLARED_SELECTOR = YES;
				GCC_WARN_UNINITIALIZED_AUTOS = YES_AGGRESSIVE;
				GCC_WARN_UNUSED_FUNCTION = YES;
				GCC_WARN_UNUSED_VARIABLE = YES;
				IPHONEOS_DEPLOYMENT_TARGET = 16.2;
				MTL_ENABLE_DEBUG_INFO = INCLUDE_SOURCE;
				MTL_FAST_MATH = YES;
				ONLY_ACTIVE_ARCH = YES;
				SDKROOT = iphoneos;
				SWIFT_ACTIVE_COMPILATION_CONDITIONS = DEBUG;
				SWIFT_OPTIMIZATION_LEVEL = "-Onone";
			};
			name = Debug;
		};
		FC536F3F2A1BD03300C7EE51 /* Release */ = {
			isa = XCBuildConfiguration;
			buildSettings = {
				ALWAYS_SEARCH_USER_PATHS = NO;
				CLANG_ANALYZER_NONNULL = YES;
				CLANG_ANALYZER_NUMBER_OBJECT_CONVERSION = YES_AGGRESSIVE;
				CLANG_CXX_LANGUAGE_STANDARD = "gnu++20";
				CLANG_ENABLE_MODULES = YES;
				CLANG_ENABLE_OBJC_ARC = YES;
				CLANG_ENABLE_OBJC_WEAK = YES;
				CLANG_WARN_BLOCK_CAPTURE_AUTORELEASING = YES;
				CLANG_WARN_BOOL_CONVERSION = YES;
				CLANG_WARN_COMMA = YES;
				CLANG_WARN_CONSTANT_CONVERSION = YES;
				CLANG_WARN_DEPRECATED_OBJC_IMPLEMENTATIONS = YES;
				CLANG_WARN_DIRECT_OBJC_ISA_USAGE = YES_ERROR;
				CLANG_WARN_DOCUMENTATION_COMMENTS = YES;
				CLANG_WARN_EMPTY_BODY = YES;
				CLANG_WARN_ENUM_CONVERSION = YES;
				CLANG_WARN_INFINITE_RECURSION = YES;
				CLANG_WARN_INT_CONVERSION = YES;
				CLANG_WARN_NON_LITERAL_NULL_CONVERSION = YES;
				CLANG_WARN_OBJC_IMPLICIT_RETAIN_SELF = YES;
				CLANG_WARN_OBJC_LITERAL_CONVERSION = YES;
				CLANG_WARN_OBJC_ROOT_CLASS = YES_ERROR;
				CLANG_WARN_QUOTED_INCLUDE_IN_FRAMEWORK_HEADER = YES;
				CLANG_WARN_RANGE_LOOP_ANALYSIS = YES;
				CLANG_WARN_STRICT_PROTOTYPES = YES;
				CLANG_WARN_SUSPICIOUS_MOVE = YES;
				CLANG_WARN_UNGUARDED_AVAILABILITY = YES_AGGRESSIVE;
				CLANG_WARN_UNREACHABLE_CODE = YES;
				CLANG_WARN__DUPLICATE_METHOD_MATCH = YES;
				COPY_PHASE_STRIP = NO;
				DEBUG_INFORMATION_FORMAT = "dwarf-with-dsym";
				ENABLE_NS_ASSERTIONS = NO;
				ENABLE_STRICT_OBJC_MSGSEND = YES;
				GCC_C_LANGUAGE_STANDARD = gnu11;
				GCC_NO_COMMON_BLOCKS = YES;
				GCC_WARN_64_TO_32_BIT_CONVERSION = YES;
				GCC_WARN_ABOUT_RETURN_TYPE = YES_ERROR;
				GCC_WARN_UNDECLARED_SELECTOR = YES;
				GCC_WARN_UNINITIALIZED_AUTOS = YES_AGGRESSIVE;
				GCC_WARN_UNUSED_FUNCTION = YES;
				GCC_WARN_UNUSED_VARIABLE = YES;
				IPHONEOS_DEPLOYMENT_TARGET = 16.2;
				MTL_ENABLE_DEBUG_INFO = NO;
				MTL_FAST_MATH = YES;
				SDKROOT = iphoneos;
				SWIFT_COMPILATION_MODE = wholemodule;
				SWIFT_OPTIMIZATION_LEVEL = "-O";
				VALIDATE_PRODUCT = YES;
			};
			name = Release;
		};
		FC536F412A1BD03300C7EE51 /* Debug */ = {
			isa = XCBuildConfiguration;
			buildSettings = {
				ASSETCATALOG_COMPILER_APPICON_NAME = AppIcon;
				ASSETCATALOG_COMPILER_GLOBAL_ACCENT_COLOR_NAME = AccentColor;
				CODE_SIGN_STYLE = Automatic;
				CURRENT_PROJECT_VERSION = 1;
				DEVELOPMENT_TEAM = 527U829H6E;
				GENERATE_INFOPLIST_FILE = YES;
				INFOPLIST_FILE = AppStoreApp/Info.plist;
				INFOPLIST_KEY_UIApplicationSupportsIndirectInputEvents = YES;
				INFOPLIST_KEY_UILaunchStoryboardName = LaunchScreen;
				INFOPLIST_KEY_UIMainStoryboardFile = Main;
				INFOPLIST_KEY_UISupportedInterfaceOrientations_iPad = "UIInterfaceOrientationPortrait UIInterfaceOrientationPortraitUpsideDown UIInterfaceOrientationLandscapeLeft UIInterfaceOrientationLandscapeRight";
				INFOPLIST_KEY_UISupportedInterfaceOrientations_iPhone = "UIInterfaceOrientationPortrait UIInterfaceOrientationLandscapeLeft UIInterfaceOrientationLandscapeRight";
				IPHONEOS_DEPLOYMENT_TARGET = 13.0;
				LD_RUNPATH_SEARCH_PATHS = (
					"$(inherited)",
					"@executable_path/Frameworks",
				);
				MARKETING_VERSION = 1.0;
				PRODUCT_BUNDLE_IDENTIFIER = AlexKolch.AppStoreApp;
				PRODUCT_NAME = "$(TARGET_NAME)";
				SUPPORTED_PLATFORMS = "iphoneos iphonesimulator";
				SUPPORTS_MACCATALYST = NO;
				SUPPORTS_MAC_DESIGNED_FOR_IPHONE_IPAD = NO;
				SWIFT_EMIT_LOC_STRINGS = YES;
				SWIFT_VERSION = 5.0;
				TARGETED_DEVICE_FAMILY = "1,2";
			};
			name = Debug;
		};
		FC536F422A1BD03300C7EE51 /* Release */ = {
			isa = XCBuildConfiguration;
			buildSettings = {
				ASSETCATALOG_COMPILER_APPICON_NAME = AppIcon;
				ASSETCATALOG_COMPILER_GLOBAL_ACCENT_COLOR_NAME = AccentColor;
				CODE_SIGN_STYLE = Automatic;
				CURRENT_PROJECT_VERSION = 1;
				DEVELOPMENT_TEAM = 527U829H6E;
				GENERATE_INFOPLIST_FILE = YES;
				INFOPLIST_FILE = AppStoreApp/Info.plist;
				INFOPLIST_KEY_UIApplicationSupportsIndirectInputEvents = YES;
				INFOPLIST_KEY_UILaunchStoryboardName = LaunchScreen;
				INFOPLIST_KEY_UIMainStoryboardFile = Main;
				INFOPLIST_KEY_UISupportedInterfaceOrientations_iPad = "UIInterfaceOrientationPortrait UIInterfaceOrientationPortraitUpsideDown UIInterfaceOrientationLandscapeLeft UIInterfaceOrientationLandscapeRight";
				INFOPLIST_KEY_UISupportedInterfaceOrientations_iPhone = "UIInterfaceOrientationPortrait UIInterfaceOrientationLandscapeLeft UIInterfaceOrientationLandscapeRight";
				IPHONEOS_DEPLOYMENT_TARGET = 13.0;
				LD_RUNPATH_SEARCH_PATHS = (
					"$(inherited)",
					"@executable_path/Frameworks",
				);
				MARKETING_VERSION = 1.0;
				PRODUCT_BUNDLE_IDENTIFIER = AlexKolch.AppStoreApp;
				PRODUCT_NAME = "$(TARGET_NAME)";
				SUPPORTED_PLATFORMS = "iphoneos iphonesimulator";
				SUPPORTS_MACCATALYST = NO;
				SUPPORTS_MAC_DESIGNED_FOR_IPHONE_IPAD = NO;
				SWIFT_EMIT_LOC_STRINGS = YES;
				SWIFT_VERSION = 5.0;
				TARGETED_DEVICE_FAMILY = "1,2";
			};
			name = Release;
		};
/* End XCBuildConfiguration section */

/* Begin XCConfigurationList section */
		FC536F272A1BD03200C7EE51 /* Build configuration list for PBXProject "AppStoreApp" */ = {
			isa = XCConfigurationList;
			buildConfigurations = (
				FC536F3E2A1BD03300C7EE51 /* Debug */,
				FC536F3F2A1BD03300C7EE51 /* Release */,
			);
			defaultConfigurationIsVisible = 0;
			defaultConfigurationName = Release;
		};
		FC536F402A1BD03300C7EE51 /* Build configuration list for PBXNativeTarget "AppStoreApp" */ = {
			isa = XCConfigurationList;
			buildConfigurations = (
				FC536F412A1BD03300C7EE51 /* Debug */,
				FC536F422A1BD03300C7EE51 /* Release */,
			);
			defaultConfigurationIsVisible = 0;
			defaultConfigurationName = Release;
		};
/* End XCConfigurationList section */

/* Begin XCRemoteSwiftPackageReference section */
		FCBB76652A1D208B00854A41 /* XCRemoteSwiftPackageReference "SDWebImage" */ = {
			isa = XCRemoteSwiftPackageReference;
			repositoryURL = "https://github.com/SDWebImage/SDWebImage";
			requirement = {
				kind = upToNextMajorVersion;
				minimumVersion = 5.0.0;
			};
		};
/* End XCRemoteSwiftPackageReference section */

/* Begin XCSwiftPackageProductDependency section */
		FCBB76662A1D208B00854A41 /* SDWebImage */ = {
			isa = XCSwiftPackageProductDependency;
			package = FCBB76652A1D208B00854A41 /* XCRemoteSwiftPackageReference "SDWebImage" */;
			productName = SDWebImage;
		};
/* End XCSwiftPackageProductDependency section */
	};
	rootObject = FC536F242A1BD03200C7EE51 /* Project object */;
}
